
Microsoft Visual Studio Solution File, Format Version 12.00
# Visual Studio 15
VisualStudioVersion = 15.0.28307.329
MinimumVisualStudioVersion = 10.0.40219.1
Project("{FAE04EC0-301F-11D3-BF4B-00C04F79EFBC}") = "DAL", "DAL\DAL.csproj", "{1A7133B8-C94C-4030-87A9-93C436E0B05E}"
EndProject
Project("{FAE04EC0-301F-11D3-BF4B-00C04F79EFBC}") = "MODELS", "MODELS\MODELS.csproj", "{91E94439-8014-4A3E-BC49-4663B06B96D5}"
EndProject
Project("{FAE04EC0-301F-11D3-BF4B-00C04F79EFBC}") = "BLL", "BLL\BLL.csproj", "{1D1F5600-6575-43E5-921A-4B6D9754EA57}"
EndProject
Project("{FAE04EC0-301F-11D3-BF4B-00C04F79EFBC}") = "UI", "UI\UI.csproj", "{E176D36A-5BCB-4477-8EC3-4D28C1B2C80C}"
EndProject
Global
	GlobalSection(SolutionConfigurationPlatforms) = preSolution
		Debug|Any CPU = Debug|Any CPU
		Release|Any CPU = Release|Any CPU
	EndGlobalSection
	GlobalSection(ProjectConfigurationPlatforms) = postSolution
		{1A7133B8-C94C-4030-87A9-93C436E0B05E}.Debug|Any CPU.ActiveCfg = Debug|Any CPU
		{1A7133B8-C94C-4030-87A9-93C436E0B05E}.Debug|Any CPU.Build.0 = Debug|Any CPU
		{1A7133B8-C94C-4030-87A9-93C436E0B05E}.Release|Any CPU.ActiveCfg = Release|Any CPU
		{1A7133B8-C94C-4030-87A9-93C436E0B05E}.Release|Any CPU.Build.0 = Release|Any CPU
		{91E94439-8014-4A3E-BC49-4663B06B96D5}.Debug|Any CPU.ActiveCfg = Debug|Any CPU
		{91E94439-8014-4A3E-BC49-4663B06B96D5}.Debug|Any CPU.Build.0 = Debug|Any CPU
		{91E94439-8014-4A3E-BC49-4663B06B96D5}.Release|Any CPU.ActiveCfg = Release|Any CPU
		{91E94439-8014-4A3E-BC49-4663B06B96D5}.Release|Any CPU.Build.0 = Release|Any CPU
		{1D1F5600-6575-43E5-921A-4B6D9754EA57}.Debug|Any CPU.ActiveCfg = Debug|Any CPU
		{1D1F5600-6575-43E5-921A-4B6D9754EA57}.Debug|Any CPU.Build.0 = Debug|Any CPU
		{1D1F5600-6575-43E5-921A-4B6D9754EA57}.Release|Any CPU.ActiveCfg = Release|Any CPU
		{1D1F5600-6575-43E5-921A-4B6D9754EA57}.Release|Any CPU.Build.0 = Release|Any CPU
		{E176D36A-5BCB-4477-8EC3-4D28C1B2C80C}.Debug|Any CPU.ActiveCfg = Debug|Any CPU
		{E176D36A-5BCB-4477-8EC3-4D28C1B2C80C}.Debug|Any CPU.Build.0 = Debug|Any CPU
		{E176D36A-5BCB-4477-8EC3-4D28C1B2C80C}.Release|Any CPU.ActiveCfg = Release|Any CPU
		{E176D36A-5BCB-4477-8EC3-4D28C1B2C80C}.Release|Any CPU.Build.0 = Release|Any CPU
	EndGlobalSection
	GlobalSection(SolutionProperties) = preSolution
		HideSolutionNode = FALSE
	EndGlobalSection
	GlobalSection(ExtensibilityGlobals) = postSolution
		SolutionGuid = {5B9430A6-6856-4727-A944-DCED302DD024}
	EndGlobalSection
EndGlobal
